
Microsoft Visual Studio Solution File, Format Version 12.00
# Visual Studio 15
Project("{FAE04EC0-301F-11D3-BF4B-00C04F79EFBC}") = "Assembly-CSharp", "Assembly-CSharp.csproj", "{68088639-1D81-446C-292C-ECC3F1DA734A}"
EndProject
Project("{FAE04EC0-301F-11D3-BF4B-00C04F79EFBC}") = "Assembly-CSharp-Editor", "Assembly-CSharp-Editor.csproj", "{45468B2D-8C4D-A18B-15C5-C0BF0B28BE78}"
EndProject
Global
	GlobalSection(SolutionConfigurationPlatforms) = preSolution
		Debug|Any CPU = Debug|Any CPU
		Release|Any CPU = Release|Any CPU
	EndGlobalSection
	GlobalSection(ProjectConfigurationPlatforms) = postSolution
		{68088639-1D81-446C-292C-ECC3F1DA734A}.Debug|Any CPU.ActiveCfg = Debug|Any CPU
		{68088639-1D81-446C-292C-ECC3F1DA734A}.Debug|Any CPU.Build.0 = Debug|Any CPU
		{68088639-1D81-446C-292C-ECC3F1DA734A}.Release|Any CPU.ActiveCfg = Release|Any CPU
		{68088639-1D81-446C-292C-ECC3F1DA734A}.Release|Any CPU.Build.0 = Release|Any CPU
		{45468B2D-8C4D-A18B-15C5-C0BF0B28BE78}.Debug|Any CPU.ActiveCfg = Debug|Any CPU
		{45468B2D-8C4D-A18B-15C5-C0BF0B28BE78}.Debug|Any CPU.Build.0 = Debug|Any CPU
		{45468B2D-8C4D-A18B-15C5-C0BF0B28BE78}.Release|Any CPU.ActiveCfg = Release|Any CPU
		{45468B2D-8C4D-A18B-15C5-C0BF0B28BE78}.Release|Any CPU.Build.0 = Release|Any CPU
	EndGlobalSection
	GlobalSection(SolutionProperties) = preSolution
		HideSolutionNode = FALSE
	EndGlobalSection
EndGlobal
